{
  "pins" : [
    {
      "identity" : "swift-syntax",
      "kind" : "remoteSourceControl",
      "location" : "https://github.com/apple/swift-syntax",
      "state" : {
        "branch" : "main",
        "revision" : "4ea85baddbd3b6e3c782510e035544e77ec544b2"
      }
    },
    {
      "identity" : "swifthighlighting",
      "kind" : "remoteSourceControl",
      "location" : "https://github.com/chriseidhof/SwiftHighlighting",
      "state" : {
        "branch" : "main",
        "revision" : "8c6f459831335aad962a6e0e40819424e6de354a"
      }
    }
  ],
  "version" : 2
}
